// !$*UTF8*$!
{
	archiveVersion = 1;
	classes = {
	};
	objectVersion = 56;
	objects = {

/* Begin PBXBuildFile section */
		C41AD5E82C8B53DC005DE558 /* RoundedViews.swift in Sources */ = {isa = PBXBuildFile; fileRef = C41AD5E72C8B53DC005DE558 /* RoundedViews.swift */; };
		C4629D352CA8A3C000EC7FE0 /* LeaderboardView.swift in Sources */ = {isa = PBXBuildFile; fileRef = C4629D342CA8A3C000EC7FE0 /* LeaderboardView.swift */; };
		C4AE1E082C8DE5CE0016308B /* BackgroundView.swift in Sources */ = {isa = PBXBuildFile; fileRef = C4AE1E072C8DE5CE0016308B /* BackgroundView.swift */; };
		C4B8EA562C836D2D006430ED /* Game.swift in Sources */ = {isa = PBXBuildFile; fileRef = C4B8EA552C836D2D006430ED /* Game.swift */; };
		C4B8EA5E2C838024006430ED /* BullseyeTests.swift in Sources */ = {isa = PBXBuildFile; fileRef = C4B8EA5D2C838024006430ED /* BullseyeTests.swift */; };
		C4B935792CA828C3002B0DCE /* PointsView.swift in Sources */ = {isa = PBXBuildFile; fileRef = C4B935782CA828C3002B0DCE /* PointsView.swift */; };
		C4B9357B2CA83132002B0DCE /* Shapes.swift in Sources */ = {isa = PBXBuildFile; fileRef = C4B9357A2CA83132002B0DCE /* Shapes.swift */; };
		C4B9357D2CA89E6D002B0DCE /* Constants.swift in Sources */ = {isa = PBXBuildFile; fileRef = C4B9357C2CA89E6D002B0DCE /* Constants.swift */; };
		C4C4A7FD2C8A40E700FF3DCC /* TextViews.swift in Sources */ = {isa = PBXBuildFile; fileRef = C4C4A7FC2C8A40E700FF3DCC /* TextViews.swift */; };
		C4D82DE12C7F34640007A923 /* BullseyeApp.swift in Sources */ = {isa = PBXBuildFile; fileRef = C4D82DE02C7F34640007A923 /* BullseyeApp.swift */; };
		C4D82DE32C7F34640007A923 /* ContentView.swift in Sources */ = {isa = PBXBuildFile; fileRef = C4D82DE22C7F34640007A923 /* ContentView.swift */; };
		C4D82DE52C7F34670007A923 /* Assets.xcassets in Resources */ = {isa = PBXBuildFile; fileRef = C4D82DE42C7F34670007A923 /* Assets.xcassets */; };
		C4D82DE92C7F34670007A923 /* Preview Assets.xcassets in Resources */ = {isa = PBXBuildFile; fileRef = C4D82DE82C7F34670007A923 /* Preview Assets.xcassets */; };
/* End PBXBuildFile section */

/* Begin PBXContainerItemProxy section */
		C4B8EA5F2C838024006430ED /* PBXContainerItemProxy */ = {
			isa = PBXContainerItemProxy;
			containerPortal = C4D82DD52C7F34640007A923 /* Project object */;
			proxyType = 1;
			remoteGlobalIDString = C4D82DDC2C7F34640007A923;
			remoteInfo = Bullseye;
		};
/* End PBXContainerItemProxy section */

/* Begin PBXFileReference section */
		C41AD5E72C8B53DC005DE558 /* RoundedViews.swift */ = {isa = PBXFileReference; lastKnownFileType = sourcecode.swift; path = RoundedViews.swift; sourceTree = "<group>"; };
		C4629D342CA8A3C000EC7FE0 /* LeaderboardView.swift */ = {isa = PBXFileReference; lastKnownFileType = sourcecode.swift; path = LeaderboardView.swift; sourceTree = "<group>"; };
		C4AE1E072C8DE5CE0016308B /* BackgroundView.swift */ = {isa = PBXFileReference; lastKnownFileType = sourcecode.swift; path = BackgroundView.swift; sourceTree = "<group>"; };
		C4B8EA552C836D2D006430ED /* Game.swift */ = {isa = PBXFileReference; lastKnownFileType = sourcecode.swift; path = Game.swift; sourceTree = "<group>"; };
		C4B8EA5B2C838024006430ED /* BullseyeTests.xctest */ = {isa = PBXFileReference; explicitFileType = wrapper.cfbundle; includeInIndex = 0; path = BullseyeTests.xctest; sourceTree = BUILT_PRODUCTS_DIR; };
		C4B8EA5D2C838024006430ED /* BullseyeTests.swift */ = {isa = PBXFileReference; lastKnownFileType = sourcecode.swift; path = BullseyeTests.swift; sourceTree = "<group>"; };
		C4B935782CA828C3002B0DCE /* PointsView.swift */ = {isa = PBXFileReference; lastKnownFileType = sourcecode.swift; path = PointsView.swift; sourceTree = "<group>"; };
		C4B9357A2CA83132002B0DCE /* Shapes.swift */ = {isa = PBXFileReference; lastKnownFileType = sourcecode.swift; path = Shapes.swift; sourceTree = "<group>"; };
		C4B9357C2CA89E6D002B0DCE /* Constants.swift */ = {isa = PBXFileReference; lastKnownFileType = sourcecode.swift; path = Constants.swift; sourceTree = "<group>"; };
		C4C4A7FC2C8A40E700FF3DCC /* TextViews.swift */ = {isa = PBXFileReference; lastKnownFileType = sourcecode.swift; path = TextViews.swift; sourceTree = "<group>"; };
		C4D82DDD2C7F34640007A923 /* Bullseye.app */ = {isa = PBXFileReference; explicitFileType = wrapper.application; includeInIndex = 0; path = Bullseye.app; sourceTree = BUILT_PRODUCTS_DIR; };
		C4D82DE02C7F34640007A923 /* BullseyeApp.swift */ = {isa = PBXFileReference; lastKnownFileType = sourcecode.swift; path = BullseyeApp.swift; sourceTree = "<group>"; };
		C4D82DE22C7F34640007A923 /* ContentView.swift */ = {isa = PBXFileReference; lastKnownFileType = sourcecode.swift; path = ContentView.swift; sourceTree = "<group>"; };
		C4D82DE42C7F34670007A923 /* Assets.xcassets */ = {isa = PBXFileReference; lastKnownFileType = folder.assetcatalog; path = Assets.xcassets; sourceTree = "<group>"; };
		C4D82DE62C7F34670007A923 /* Bullseye.entitlements */ = {isa = PBXFileReference; lastKnownFileType = text.plist.entitlements; path = Bullseye.entitlements; sourceTree = "<group>"; };
		C4D82DE82C7F34670007A923 /* Preview Assets.xcassets */ = {isa = PBXFileReference; lastKnownFileType = folder.assetcatalog; path = "Preview Assets.xcassets"; sourceTree = "<group>"; };
/* End PBXFileReference section */

/* Begin PBXFrameworksBuildPhase section */
		C4B8EA582C838024006430ED /* Frameworks */ = {
			isa = PBXFrameworksBuildPhase;
			buildActionMask = 2147483647;
			files = (
			);
			runOnlyForDeploymentPostprocessing = 0;
		};
		C4D82DDA2C7F34640007A923 /* Frameworks */ = {
			isa = PBXFrameworksBuildPhase;
			buildActionMask = 2147483647;
			files = (
			);
			runOnlyForDeploymentPostprocessing = 0;
		};
/* End PBXFrameworksBuildPhase section */

/* Begin PBXGroup section */
		C4B8EA522C836C5E006430ED /* Models */ = {
			isa = PBXGroup;
			children = (
				C4B8EA552C836D2D006430ED /* Game.swift */,
				C4B9357C2CA89E6D002B0DCE /* Constants.swift */,
			);
			path = Models;
			sourceTree = "<group>";
		};
		C4B8EA532C836C76006430ED /* Views */ = {
			isa = PBXGroup;
			children = (
				C4D82DE22C7F34640007A923 /* ContentView.swift */,
				C4C4A7FC2C8A40E700FF3DCC /* TextViews.swift */,
				C41AD5E72C8B53DC005DE558 /* RoundedViews.swift */,
				C4AE1E072C8DE5CE0016308B /* BackgroundView.swift */,
				C4B935782CA828C3002B0DCE /* PointsView.swift */,
				C4B9357A2CA83132002B0DCE /* Shapes.swift */,
				C4629D342CA8A3C000EC7FE0 /* LeaderboardView.swift */,
			);
			path = Views;
			sourceTree = "<group>";
		};
		C4B8EA542C836CCC006430ED /* App */ = {
			isa = PBXGroup;
			children = (
				C4D82DE02C7F34640007A923 /* BullseyeApp.swift */,
				C4D82DE42C7F34670007A923 /* Assets.xcassets */,
			);
			path = App;
			sourceTree = "<group>";
		};
		C4B8EA5C2C838024006430ED /* BullseyeTests */ = {
			isa = PBXGroup;
			children = (
				C4B8EA5D2C838024006430ED /* BullseyeTests.swift */,
			);
			path = BullseyeTests;
			sourceTree = "<group>";
		};
		C4D82DD42C7F34640007A923 = {
			isa = PBXGroup;
			children = (
				C4D82DDF2C7F34640007A923 /* Bullseye */,
				C4B8EA5C2C838024006430ED /* BullseyeTests */,
				C4D82DDE2C7F34640007A923 /* Products */,
			);
			sourceTree = "<group>";
		};
		C4D82DDE2C7F34640007A923 /* Products */ = {
			isa = PBXGroup;
			children = (
				C4D82DDD2C7F34640007A923 /* Bullseye.app */,
				C4B8EA5B2C838024006430ED /* BullseyeTests.xctest */,
			);
			name = Products;
			sourceTree = "<group>";
		};
		C4D82DDF2C7F34640007A923 /* Bullseye */ = {
			isa = PBXGroup;
			children = (
				C4B8EA522C836C5E006430ED /* Models */,
				C4B8EA542C836CCC006430ED /* App */,
				C4B8EA532C836C76006430ED /* Views */,
				C4D82DE62C7F34670007A923 /* Bullseye.entitlements */,
				C4D82DE72C7F34670007A923 /* Preview Content */,
			);
			path = Bullseye;
			sourceTree = "<group>";
		};
		C4D82DE72C7F34670007A923 /* Preview Content */ = {
			isa = PBXGroup;
			children = (
				C4D82DE82C7F34670007A923 /* Preview Assets.xcassets */,
			);
			path = "Preview Content";
			sourceTree = "<group>";
		};
/* End PBXGroup section */

/* Begin PBXNativeTarget section */
		C4B8EA5A2C838024006430ED /* BullseyeTests */ = {
			isa = PBXNativeTarget;
			buildConfigurationList = C4B8EA612C838024006430ED /* Build configuration list for PBXNativeTarget "BullseyeTests" */;
			buildPhases = (
				C4B8EA572C838024006430ED /* Sources */,
				C4B8EA582C838024006430ED /* Frameworks */,
				C4B8EA592C838024006430ED /* Resources */,
			);
			buildRules = (
			);
			dependencies = (
				C4B8EA602C838024006430ED /* PBXTargetDependency */,
			);
			name = BullseyeTests;
			productName = BullseyeTests;
			productReference = C4B8EA5B2C838024006430ED /* BullseyeTests.xctest */;
			productType = "com.apple.product-type.bundle.unit-test";
		};
		C4D82DDC2C7F34640007A923 /* Bullseye */ = {
			isa = PBXNativeTarget;
			buildConfigurationList = C4D82DEC2C7F34670007A923 /* Build configuration list for PBXNativeTarget "Bullseye" */;
			buildPhases = (
				C4D82DD92C7F34640007A923 /* Sources */,
				C4D82DDA2C7F34640007A923 /* Frameworks */,
				C4D82DDB2C7F34640007A923 /* Resources */,
			);
			buildRules = (
			);
			dependencies = (
			);
			name = Bullseye;
			productName = Bullseye;
			productReference = C4D82DDD2C7F34640007A923 /* Bullseye.app */;
			productType = "com.apple.product-type.application";
		};
/* End PBXNativeTarget section */

/* Begin PBXProject section */
		C4D82DD52C7F34640007A923 /* Project object */ = {
			isa = PBXProject;
			attributes = {
				BuildIndependentTargetsInParallel = 1;
				LastSwiftUpdateCheck = 1400;
				LastUpgradeCheck = 1400;
				TargetAttributes = {
					C4B8EA5A2C838024006430ED = {
						CreatedOnToolsVersion = 14.0.1;
						TestTargetID = C4D82DDC2C7F34640007A923;
					};
					C4D82DDC2C7F34640007A923 = {
						CreatedOnToolsVersion = 14.0.1;
					};
				};
			};
			buildConfigurationList = C4D82DD82C7F34640007A923 /* Build configuration list for PBXProject "Bullseye" */;
			compatibilityVersion = "Xcode 14.0";
			developmentRegion = en;
			hasScannedForEncodings = 0;
			knownRegions = (
				en,
				Base,
			);
			mainGroup = C4D82DD42C7F34640007A923;
			productRefGroup = C4D82DDE2C7F34640007A923 /* Products */;
			projectDirPath = "";
			projectRoot = "";
			targets = (
				C4D82DDC2C7F34640007A923 /* Bullseye */,
				C4B8EA5A2C838024006430ED /* BullseyeTests */,
			);
		};
/* End PBXProject section */

/* Begin PBXResourcesBuildPhase section */
		C4B8EA592C838024006430ED /* Resources */ = {
			isa = PBXResourcesBuildPhase;
			buildActionMask = 2147483647;
			files = (
			);
			runOnlyForDeploymentPostprocessing = 0;
		};
		C4D82DDB2C7F34640007A923 /* Resources */ = {
			isa = PBXResourcesBuildPhase;
			buildActionMask = 2147483647;
			files = (
				C4D82DE92C7F34670007A923 /* Preview Assets.xcassets in Resources */,
				C4D82DE52C7F34670007A923 /* Assets.xcassets in Resources */,
			);
			runOnlyForDeploymentPostprocessing = 0;
		};
/* End PBXResourcesBuildPhase section */

/* Begin PBXSourcesBuildPhase section */
		C4B8EA572C838024006430ED /* Sources */ = {
			isa = PBXSourcesBuildPhase;
			buildActionMask = 2147483647;
			files = (
				C4B8EA5E2C838024006430ED /* BullseyeTests.swift in Sources */,
			);
			runOnlyForDeploymentPostprocessing = 0;
		};
		C4D82DD92C7F34640007A923 /* Sources */ = {
			isa = PBXSourcesBuildPhase;
			buildActionMask = 2147483647;
			files = (
				C4629D352CA8A3C000EC7FE0 /* LeaderboardView.swift in Sources */,
				C4AE1E082C8DE5CE0016308B /* BackgroundView.swift in Sources */,
				C4D82DE32C7F34640007A923 /* ContentView.swift in Sources */,
				C4C4A7FD2C8A40E700FF3DCC /* TextViews.swift in Sources */,
				C4B9357B2CA83132002B0DCE /* Shapes.swift in Sources */,
				C41AD5E82C8B53DC005DE558 /* RoundedViews.swift in Sources */,
				C4B935792CA828C3002B0DCE /* PointsView.swift in Sources */,
				C4B8EA562C836D2D006430ED /* Game.swift in Sources */,
				C4D82DE12C7F34640007A923 /* BullseyeApp.swift in Sources */,
				C4B9357D2CA89E6D002B0DCE /* Constants.swift in Sources */,
			);
			runOnlyForDeploymentPostprocessing = 0;
		};
/* End PBXSourcesBuildPhase section */

/* Begin PBXTargetDependency section */
		C4B8EA602C838024006430ED /* PBXTargetDependency */ = {
			isa = PBXTargetDependency;
			target = C4D82DDC2C7F34640007A923 /* Bullseye */;
			targetProxy = C4B8EA5F2C838024006430ED /* PBXContainerItemProxy */;
		};
/* End PBXTargetDependency section */

/* Begin XCBuildConfiguration section */
		C4B8EA622C838024006430ED /* Debug */ = {
			isa = XCBuildConfiguration;
			buildSettings = {
				BUNDLE_LOADER = "$(TEST_HOST)";
				CODE_SIGN_STYLE = Automatic;
				CURRENT_PROJECT_VERSION = 1;
				DEVELOPMENT_TEAM = BY88BPY52G;
				GENERATE_INFOPLIST_FILE = YES;
				IPHONEOS_DEPLOYMENT_TARGET = 16.0;
				MACOSX_DEPLOYMENT_TARGET = 12.3;
				MARKETING_VERSION = 1.0;
				PRODUCT_BUNDLE_IDENTIFIER = com.pixels.BullseyeTests;
				PRODUCT_NAME = "$(TARGET_NAME)";
				SDKROOT = auto;
				SUPPORTED_PLATFORMS = "iphoneos iphonesimulator macosx";
				SWIFT_EMIT_LOC_STRINGS = NO;
				SWIFT_VERSION = 5.0;
				TARGETED_DEVICE_FAMILY = "1,2";
				TEST_HOST = "$(BUILT_PRODUCTS_DIR)/Bullseye.app/$(BUNDLE_EXECUTABLE_FOLDER_PATH)/Bullseye";
			};
			name = Debug;
		};
		C4B8EA632C838024006430ED /* Release */ = {
			isa = XCBuildConfiguration;
			buildSettings = {
				BUNDLE_LOADER = "$(TEST_HOST)";
				CODE_SIGN_STYLE = Automatic;
				CURRENT_PROJECT_VERSION = 1;
				DEVELOPMENT_TEAM = BY88BPY52G;
				GENERATE_INFOPLIST_FILE = YES;
				IPHONEOS_DEPLOYMENT_TARGET = 16.0;
				MACOSX_DEPLOYMENT_TARGET = 12.3;
				MARKETING_VERSION = 1.0;
				PRODUCT_BUNDLE_IDENTIFIER = com.pixels.BullseyeTests;
				PRODUCT_NAME = "$(TARGET_NAME)";
				SDKROOT = auto;
				SUPPORTED_PLATFORMS = "iphoneos iphonesimulator macosx";
				SWIFT_EMIT_LOC_STRINGS = NO;
				SWIFT_VERSION = 5.0;
				TARGETED_DEVICE_FAMILY = "1,2";
				TEST_HOST = "$(BUILT_PRODUCTS_DIR)/Bullseye.app/$(BUNDLE_EXECUTABLE_FOLDER_PATH)/Bullseye";
			};
			name = Release;
		};
		C4D82DEA2C7F34670007A923 /* Debug */ = {
			isa = XCBuildConfiguration;
			buildSettings = {
				ALWAYS_SEARCH_USER_PATHS = NO;
				CLANG_ANALYZER_NONNULL = YES;
				CLANG_ANALYZER_NUMBER_OBJECT_CONVERSION = YES_AGGRESSIVE;
				CLANG_CXX_LANGUAGE_STANDARD = "gnu++20";
				CLANG_ENABLE_MODULES = YES;
				CLANG_ENABLE_OBJC_ARC = YES;
				CLANG_ENABLE_OBJC_WEAK = YES;
				CLANG_WARN_BLOCK_CAPTURE_AUTORELEASING = YES;
				CLANG_WARN_BOOL_CONVERSION = YES;
				CLANG_WARN_COMMA = YES;
				CLANG_WARN_CONSTANT_CONVERSION = YES;
				CLANG_WARN_DEPRECATED_OBJC_IMPLEMENTATIONS = YES;
				CLANG_WARN_DIRECT_OBJC_ISA_USAGE = YES_ERROR;
				CLANG_WARN_DOCUMENTATION_COMMENTS = YES;
				CLANG_WARN_EMPTY_BODY = YES;
				CLANG_WARN_ENUM_CONVERSION = YES;
				CLANG_WARN_INFINITE_RECURSION = YES;
				CLANG_WARN_INT_CONVERSION = YES;
				CLANG_WARN_NON_LITERAL_NULL_CONVERSION = YES;
				CLANG_WARN_OBJC_IMPLICIT_RETAIN_SELF = YES;
				CLANG_WARN_OBJC_LITERAL_CONVERSION = YES;
				CLANG_WARN_OBJC_ROOT_CLASS = YES_ERROR;
				CLANG_WARN_QUOTED_INCLUDE_IN_FRAMEWORK_HEADER = YES;
				CLANG_WARN_RANGE_LOOP_ANALYSIS = YES;
				CLANG_WARN_STRICT_PROTOTYPES = YES;
				CLANG_WARN_SUSPICIOUS_MOVE = YES;
				CLANG_WARN_UNGUARDED_AVAILABILITY = YES_AGGRESSIVE;
				CLANG_WARN_UNREACHABLE_CODE = YES;
				CLANG_WARN__DUPLICATE_METHOD_MATCH = YES;
				COPY_PHASE_STRIP = NO;
				DEBUG_INFORMATION_FORMAT = dwarf;
				ENABLE_STRICT_OBJC_MSGSEND = YES;
				ENABLE_TESTABILITY = YES;
				GCC_C_LANGUAGE_STANDARD = gnu11;
				GCC_DYNAMIC_NO_PIC = NO;
				GCC_NO_COMMON_BLOCKS = YES;
				GCC_OPTIMIZATION_LEVEL = 0;
				GCC_PREPROCESSOR_DEFINITIONS = (
					"DEBUG=1",
					"$(inherited)",
				);
				GCC_WARN_64_TO_32_BIT_CONVERSION = YES;
				GCC_WARN_ABOUT_RETURN_TYPE = YES_ERROR;
				GCC_WARN_UNDECLARED_SELECTOR = YES;
				GCC_WARN_UNINITIALIZED_AUTOS = YES_AGGRESSIVE;
				GCC_WARN_UNUSED_FUNCTION = YES;
				GCC_WARN_UNUSED_VARIABLE = YES;
				MTL_ENABLE_DEBUG_INFO = INCLUDE_SOURCE;
				MTL_FAST_MATH = YES;
				ONLY_ACTIVE_ARCH = YES;
				SWIFT_ACTIVE_COMPILATION_CONDITIONS = DEBUG;
				SWIFT_OPTIMIZATION_LEVEL = "-Onone";
			};
			name = Debug;
		};
		C4D82DEB2C7F34670007A923 /* Release */ = {
			isa = XCBuildConfiguration;
			buildSettings = {
				ALWAYS_SEARCH_USER_PATHS = NO;
				CLANG_ANALYZER_NONNULL = YES;
				CLANG_ANALYZER_NUMBER_OBJECT_CONVERSION = YES_AGGRESSIVE;
				CLANG_CXX_LANGUAGE_STANDARD = "gnu++20";
				CLANG_ENABLE_MODULES = YES;
				CLANG_ENABLE_OBJC_ARC = YES;
				CLANG_ENABLE_OBJC_WEAK = YES;
				CLANG_WARN_BLOCK_CAPTURE_AUTORELEASING = YES;
				CLANG_WARN_BOOL_CONVERSION = YES;
				CLANG_WARN_COMMA = YES;
				CLANG_WARN_CONSTANT_CONVERSION = YES;
				CLANG_WARN_DEPRECATED_OBJC_IMPLEMENTATIONS = YES;
				CLANG_WARN_DIRECT_OBJC_ISA_USAGE = YES_ERROR;
				CLANG_WARN_DOCUMENTATION_COMMENTS = YES;
				CLANG_WARN_EMPTY_BODY = YES;
				CLANG_WARN_ENUM_CONVERSION = YES;
				CLANG_WARN_INFINITE_RECURSION = YES;
				CLANG_WARN_INT_CONVERSION = YES;
				CLANG_WARN_NON_LITERAL_NULL_CONVERSION = YES;
				CLANG_WARN_OBJC_IMPLICIT_RETAIN_SELF = YES;
				CLANG_WARN_OBJC_LITERAL_CONVERSION = YES;
				CLANG_WARN_OBJC_ROOT_CLASS = YES_ERROR;
				CLANG_WARN_QUOTED_INCLUDE_IN_FRAMEWORK_HEADER = YES;
				CLANG_WARN_RANGE_LOOP_ANALYSIS = YES;
				CLANG_WARN_STRICT_PROTOTYPES = YES;
				CLANG_WARN_SUSPICIOUS_MOVE = YES;
				CLANG_WARN_UNGUARDED_AVAILABILITY = YES_AGGRESSIVE;
				CLANG_WARN_UNREACHABLE_CODE = YES;
				CLANG_WARN__DUPLICATE_METHOD_MATCH = YES;
				COPY_PHASE_STRIP = NO;
				DEBUG_INFORMATION_FORMAT = "dwarf-with-dsym";
				ENABLE_NS_ASSERTIONS = NO;
				ENABLE_STRICT_OBJC_MSGSEND = YES;
				GCC_C_LANGUAGE_STANDARD = gnu11;
				GCC_NO_COMMON_BLOCKS = YES;
				GCC_WARN_64_TO_32_BIT_CONVERSION = YES;
				GCC_WARN_ABOUT_RETURN_TYPE = YES_ERROR;
				GCC_WARN_UNDECLARED_SELECTOR = YES;
				GCC_WARN_UNINITIALIZED_AUTOS = YES_AGGRESSIVE;
				GCC_WARN_UNUSED_FUNCTION = YES;
				GCC_WARN_UNUSED_VARIABLE = YES;
				MTL_ENABLE_DEBUG_INFO = NO;
				MTL_FAST_MATH = YES;
				SWIFT_COMPILATION_MODE = wholemodule;
				SWIFT_OPTIMIZATION_LEVEL = "-O";
			};
			name = Release;
		};
		C4D82DED2C7F34670007A923 /* Debug */ = {
			isa = XCBuildConfiguration;
			buildSettings = {
				ASSETCATALOG_COMPILER_APPICON_NAME = AppIcon;
				ASSETCATALOG_COMPILER_GLOBAL_ACCENT_COLOR_NAME = AccentColor;
				CODE_SIGN_ENTITLEMENTS = Bullseye/Bullseye.entitlements;
				CODE_SIGN_STYLE = Automatic;
				CURRENT_PROJECT_VERSION = 1;
				DEVELOPMENT_ASSET_PATHS = "\"Bullseye/Preview Content\"";
				DEVELOPMENT_TEAM = BY88BPY52G;
				ENABLE_HARDENED_RUNTIME = YES;
				ENABLE_PREVIEWS = YES;
				GENERATE_INFOPLIST_FILE = YES;
				INFOPLIST_KEY_CFBundleDisplayName = "Bull's Eye";
				"INFOPLIST_KEY_UIApplicationSceneManifest_Generation[sdk=iphoneos*]" = YES;
				"INFOPLIST_KEY_UIApplicationSceneManifest_Generation[sdk=iphonesimulator*]" = YES;
				"INFOPLIST_KEY_UIApplicationSupportsIndirectInputEvents[sdk=iphoneos*]" = YES;
				"INFOPLIST_KEY_UIApplicationSupportsIndirectInputEvents[sdk=iphonesimulator*]" = YES;
				"INFOPLIST_KEY_UILaunchScreen_Generation[sdk=iphoneos*]" = YES;
				"INFOPLIST_KEY_UILaunchScreen_Generation[sdk=iphonesimulator*]" = YES;
				"INFOPLIST_KEY_UIStatusBarStyle[sdk=iphoneos*]" = UIStatusBarStyleDefault;
				"INFOPLIST_KEY_UIStatusBarStyle[sdk=iphonesimulator*]" = UIStatusBarStyleDefault;
				INFOPLIST_KEY_UISupportedInterfaceOrientations_iPad = "UIInterfaceOrientationPortrait UIInterfaceOrientationPortraitUpsideDown UIInterfaceOrientationLandscapeLeft UIInterfaceOrientationLandscapeRight";
				INFOPLIST_KEY_UISupportedInterfaceOrientations_iPhone = "UIInterfaceOrientationPortrait UIInterfaceOrientationLandscapeLeft UIInterfaceOrientationLandscapeRight";
				IPHONEOS_DEPLOYMENT_TARGET = 16.0;
				LD_RUNPATH_SEARCH_PATHS = "@executable_path/Frameworks";
				"LD_RUNPATH_SEARCH_PATHS[sdk=macosx*]" = "@executable_path/../Frameworks";
				MACOSX_DEPLOYMENT_TARGET = 12.3;
				MARKETING_VERSION = 1.0;
				PRODUCT_BUNDLE_IDENTIFIER = com.pixels.Bullseye;
				PRODUCT_NAME = "$(TARGET_NAME)";
				SDKROOT = auto;
				SUPPORTED_PLATFORMS = "iphoneos iphonesimulator macosx";
				SWIFT_EMIT_LOC_STRINGS = YES;
				SWIFT_VERSION = 5.0;
				TARGETED_DEVICE_FAMILY = "1,2";
			};
			name = Debug;
		};
		C4D82DEE2C7F34670007A923 /* Release */ = {
			isa = XCBuildConfiguration;
			buildSettings = {
				ASSETCATALOG_COMPILER_APPICON_NAME = AppIcon;
				ASSETCATALOG_COMPILER_GLOBAL_ACCENT_COLOR_NAME = AccentColor;
				CODE_SIGN_ENTITLEMENTS = Bullseye/Bullseye.entitlements;
				CODE_SIGN_STYLE = Automatic;
				CURRENT_PROJECT_VERSION = 1;
				DEVELOPMENT_ASSET_PATHS = "\"Bullseye/Preview Content\"";
				DEVELOPMENT_TEAM = BY88BPY52G;
				ENABLE_HARDENED_RUNTIME = YES;
				ENABLE_PREVIEWS = YES;
				GENERATE_INFOPLIST_FILE = YES;
				INFOPLIST_KEY_CFBundleDisplayName = "Bull's Eye";
				"INFOPLIST_KEY_UIApplicationSceneManifest_Generation[sdk=iphoneos*]" = YES;
				"INFOPLIST_KEY_UIApplicationSceneManifest_Generation[sdk=iphonesimulator*]" = YES;
				"INFOPLIST_KEY_UIApplicationSupportsIndirectInputEvents[sdk=iphoneos*]" = YES;
				"INFOPLIST_KEY_UIApplicationSupportsIndirectInputEvents[sdk=iphonesimulator*]" = YES;
				"INFOPLIST_KEY_UILaunchScreen_Generation[sdk=iphoneos*]" = YES;
				"INFOPLIST_KEY_UILaunchScreen_Generation[sdk=iphonesimulator*]" = YES;
				"INFOPLIST_KEY_UIStatusBarStyle[sdk=iphoneos*]" = UIStatusBarStyleDefault;
				"INFOPLIST_KEY_UIStatusBarStyle[sdk=iphonesimulator*]" = UIStatusBarStyleDefault;
				INFOPLIST_KEY_UISupportedInterfaceOrientations_iPad = "UIInterfaceOrientationPortrait UIInterfaceOrientationPortraitUpsideDown UIInterfaceOrientationLandscapeLeft UIInterfaceOrientationLandscapeRight";
				INFOPLIST_KEY_UISupportedInterfaceOrientations_iPhone = "UIInterfaceOrientationPortrait UIInterfaceOrientationLandscapeLeft UIInterfaceOrientationLandscapeRight";
				IPHONEOS_DEPLOYMENT_TARGET = 16.0;
				LD_RUNPATH_SEARCH_PATHS = "@executable_path/Frameworks";
				"LD_RUNPATH_SEARCH_PATHS[sdk=macosx*]" = "@executable_path/../Frameworks";
				MACOSX_DEPLOYMENT_TARGET = 12.3;
				MARKETING_VERSION = 1.0;
				PRODUCT_BUNDLE_IDENTIFIER = com.pixels.Bullseye;
				PRODUCT_NAME = "$(TARGET_NAME)";
				SDKROOT = auto;
				SUPPORTED_PLATFORMS = "iphoneos iphonesimulator macosx";
				SWIFT_EMIT_LOC_STRINGS = YES;
				SWIFT_VERSION = 5.0;
				TARGETED_DEVICE_FAMILY = "1,2";
			};
			name = Release;
		};
/* End XCBuildConfiguration section */

/* Begin XCConfigurationList section */
		C4B8EA612C838024006430ED /* Build configuration list for PBXNativeTarget "BullseyeTests" */ = {
			isa = XCConfigurationList;
			buildConfigurations = (
				C4B8EA622C838024006430ED /* Debug */,
				C4B8EA632C838024006430ED /* Release */,
			);
			defaultConfigurationIsVisible = 0;
			defaultConfigurationName = Release;
		};
		C4D82DD82C7F34640007A923 /* Build configuration list for PBXProject "Bullseye" */ = {
			isa = XCConfigurationList;
			buildConfigurations = (
				C4D82DEA2C7F34670007A923 /* Debug */,
				C4D82DEB2C7F34670007A923 /* Release */,
			);
			defaultConfigurationIsVisible = 0;
			defaultConfigurationName = Release;
		};
		C4D82DEC2C7F34670007A923 /* Build configuration list for PBXNativeTarget "Bullseye" */ = {
			isa = XCConfigurationList;
			buildConfigurations = (
				C4D82DED2C7F34670007A923 /* Debug */,
				C4D82DEE2C7F34670007A923 /* Release */,
			);
			defaultConfigurationIsVisible = 0;
			defaultConfigurationName = Release;
		};
/* End XCConfigurationList section */
	};
	rootObject = C4D82DD52C7F34640007A923 /* Project object */;
}
